{
  "requires": true,
  "lockfileVersion": 1,
  "dependencies": {
    "install": {
      "version": "0.13.0",
      "resolved": "https://registry.npmjs.org/install/-/install-0.13.0.tgz",
      "integrity": "sha512-zDml/jzr2PKU9I8J/xyZBQn8rPCAY//UOYNmR01XwNwyfhEWObo2SWfSl1+0tm1u6PhxLwDnfsT/6jB7OUxqFA=="
    },
    "just-validate": {
      "version": "4.2.0",
      "resolved": "https://registry.npmjs.org/just-validate/-/just-validate-4.2.0.tgz",
      "integrity": "sha512-ot4U9dAvveXlkA5tpiK1Obh+ZwJYBUsiS1sFjfY4RjkHwXLXGoEgOM4N85+9UCAu9JPGt/nfumqRZbruUT9gMA=="
    }
  }
}
